Microsoft Visual Studio Solution File, Format Version 12.00
# Visual Studio Version 17
VisualStudioVersion = 17.5.2.0
MinimumVisualStudioVersion = 10.0.40219.1
Project("{FAE04EC0-301F-11D3-BF4B-00C04F79EFBC}") = "RandevuWeb", "RandevuWeb\RandevuWeb.csproj", "{18315B51-4984-A55F-3E89-9C6EA06D2628}"
EndProject
Global
	GlobalSection(SolutionConfigurationPlatforms) = preSolution
		Debug|Any CPU = Debug|Any CPU
		Release|Any CPU = Release|Any CPU
	EndGlobalSection
	GlobalSection(ProjectConfigurationPlatforms) = postSolution
		{18315B51-4984-A55F-3E89-9C6EA06D2628}.Debug|Any CPU.ActiveCfg = Debug|Any CPU
		{18315B51-4984-A55F-3E89-9C6EA06D2628}.Debug|Any CPU.Build.0 = Debug|Any CPU
		{18315B51-4984-A55F-3E89-9C6EA06D2628}.Release|Any CPU.ActiveCfg = Release|Any CPU
		{18315B51-4984-A55F-3E89-9C6EA06D2628}.Release|Any CPU.Build.0 = Release|Any CPU
	EndGlobalSection
	GlobalSection(SolutionProperties) = preSolution
		HideSolutionNode = FALSE
	EndGlobalSection
	GlobalSection(ExtensibilityGlobals) = postSolution
		SolutionGuid = {FC777B05-8938-46B4-8DE1-A3DFC69A72CD}
	EndGlobalSection
EndGlobal
